version = 1
revision = 3
requires-python = ">=3.11"

[[package]]
name = "fake-bpy-module-latest"
version = "20260817"
source = { registry = "https://pypi.org/simple" }
sdist = { url = "https://files.pythonhosted.org/packages/78/a2/5c8abdf0b0f71543c6cfab08a4cc364527c7daccd916f40195279dd840ee/fake_bpy_module_latest-20260817.tar.gz", hash = "sha256:f2bc469d0b51f7a43d845094899305b39ca288bae43071346a8127c2d23b8862", size = 959090, upload-time = "2026-08-17T06:33:37.678Z" }
wheels = [
    { url = "https://files.pythonhosted.org/packages/c0/92/54542fa12d1b087076ac16b1576bf09e4d643e0a2753747df828a3066f71/fake_bpy_module_latest-20260817-py3-none-any.whl", hash = "sha256:a812fca87146fe1b2a49e2a57c945606d9412ef1d90be5d43a9188cefaa2fe75", size = 1106396, upload-time = "2026-08-17T06:33:35.372Z" },
]

[[package]]
name = "io-soulworker"
version = "1.0.0"
source = { editable = "." }
dependencies = [
    { name = "fake-bpy-module-latest" },
    { name = "mathutils" },
]

[package.metadata]
requires-dist = [
    { name = "fake-bpy-module-latest", specifier = ">=20260501" },
    { name = "mathutils", specifier = ">=5.1.0" },
]

[[package]]
name = "mathutils"
version = "5.1.0"
source = { registry = "https://pypi.org/simple" }
sdist = { url = "https://files.pythonhosted.org/packages/74/57/1b9ca6d44e0a79bac7702cd433191b58b6071d4b5167064c28a0e74e0402/mathutils-5.1.0.tar.gz", hash = "sha256:b171af9d6b54a12138c9dead4f5930a3faaf92387cc5ffaa82f18fbee1554168", size = 350638, upload-time = "2026-02-25T04:26:13.992Z" }
wheels = [
    { url = "https://files.pythonhosted.org/packages/eb/4a/0a8b52b63f5bfd0e2d7b842014ac1d6df47fea57337a0d739f18cf502942/mathutils-5.1.0-cp313-cp313-manylinux_2_27_x86_64.manylinux_2_28_x86_64.whl", hash = "sha256:77469262f83c976008fa8ed3e09a3e8ad95701058a8e3384116ac4f398daaaa9", size = 2655860, upload-time = "2026-02-25T04:26:36.149Z" },
    { url = "https://files.pythonhosted.org/packages/3a/96/babe697bb06232a6d1662d4fcebbe487e2a8dc21200ffe9280e022ae5e9b/mathutils-5.1.0-cp314-cp314-manylinux_2_27_x86_64.manylinux_2_28_x86_64.whl", hash = "sha256:5511a3fa173ddfc275416a77920f28bc31980cd65ff6354391a136e1d5ea9e15", size = 2655710, upload-time = "2026-02-25T04:26:40.113Z" },
]
